
Microsoft Visual Studio Solution File, Format Version 12.00
# Visual Studio 15
VisualStudioVersion = 15.0.28307.168
MinimumVisualStudioVersion = 10.0.40219.1
Project("{9A19103F-16F7-4668-BE54-9A1E7A4F7556}") = "MDM.UI", "Presentations\MDM.UI\MDM.UI.csproj", "{3B49AAD3-68EB-44EE-986A-6EE820FC4F9C}"
EndProject
Project("{2150E333-8FDC-42A3-9474-1A3956D46DE8}") = "Presentations", "Presentations", "{D07807D9-2924-4D5B-9820-1E55539F1B74}"
EndProject
Project("{2150E333-8FDC-42A3-9474-1A3956D46DE8}") = "Modules", "Modules", "{1ABFF934-23E6-48F9-AD76-79C5CED3EB10}"
EndProject
Project("{2150E333-8FDC-42A3-9474-1A3956D46DE8}") = "Infrastructure", "Infrastructure", "{16FB8443-2B75-405F-8A18-E507205AA0AF}"
EndProject
Project("{9A19103F-16F7-4668-BE54-9A1E7A4F7556}") = "Common", "..\Infrastructure\Common\Common.csproj", "{866FCE1B-D778-40F1-99B2-7421B3DAF29D}"
EndProject
Project("{9A19103F-16F7-4668-BE54-9A1E7A4F7556}") = "DAL", "..\Infrastructure\DAL\DAL.csproj", "{4BDCCA9C-2187-4FD1-BFCA-416762F1564E}"
EndProject
Project("{9A19103F-16F7-4668-BE54-9A1E7A4F7556}") = "Web", "..\Infrastructure\Web\Web.csproj", "{03BAFD40-B91B-4FE0-B5CC-18714CE4908F}"
EndProject
Project("{2150E333-8FDC-42A3-9474-1A3956D46DE8}") = "Applications", "Applications", "{EDF870C2-FEE5-4EFC-B765-1AE4402DBEF3}"
EndProject
Project("{9A19103F-16F7-4668-BE54-9A1E7A4F7556}") = "Administrator.Application", "Applications\Administrator.Application\Administrator.Application.csproj", "{E6EE074F-ECA9-4605-B1F6-EACC7FAFBF3C}"
EndProject
Project("{9A19103F-16F7-4668-BE54-9A1E7A4F7556}") = "MDM", "Modules\MDM\MDM.csproj", "{16191681-D0EB-4FFE-8E02-B4065D1ED81C}"
EndProject
Project("{9A19103F-16F7-4668-BE54-9A1E7A4F7556}") = "Users.UI", "..\Presentations\Users.UI\Users.UI.csproj", "{39945D43-2D14-44F1-9B86-9569D9408B75}"
EndProject
Project("{9A19103F-16F7-4668-BE54-9A1E7A4F7556}") = "Users", "..\Modules\Users\Users.csproj", "{77656C10-C973-44F7-B1BB-DEF470B5C539}"
EndProject
Project("{9A19103F-16F7-4668-BE54-9A1E7A4F7556}") = "Administrator", "Modules\Administrator\Administrator.csproj", "{624173DF-2EBA-444A-BAD4-F4D0CA06EE6D}"
EndProject
Project("{9A19103F-16F7-4668-BE54-9A1E7A4F7556}") = "Administrator.UI", "Presentations\Administrator.UI\Administrator.UI.csproj", "{589DA224-D59D-4BB0-A1FC-B1B5815C605B}"
EndProject
Project("{9A19103F-16F7-4668-BE54-9A1E7A4F7556}") = "Web.Application", "..\front-end\Web.Application.csproj", "{68942C5B-E8A6-4DA9-BE1E-EAB68DF9218E}"
EndProject
Project("{9A19103F-16F7-4668-BE54-9A1E7A4F7556}") = "Partner.UI", "Presentations\Partner.UI\Partner.UI.csproj", "{493F1997-069B-4D6B-9591-6C5BA04DBD41}"
EndProject
Project("{9A19103F-16F7-4668-BE54-9A1E7A4F7556}") = "Partner", "Modules\Partner\Partner.csproj", "{8BC5844B-15EE-45EE-92ED-154D48D2FDEE}"
EndProject
Project("{9A19103F-16F7-4668-BE54-9A1E7A4F7556}") = "GS1", "Modules\GS1\GS1.csproj", "{76D0A358-4CFE-4E7D-9E46-6B0AFCCAD71D}"
EndProject
Project("{9A19103F-16F7-4668-BE54-9A1E7A4F7556}") = "GS1.UI", "Presentations\GS1.UI\GS1.UI.csproj", "{1856FFF2-F232-4770-9E7C-7D2784D35EBF}"
EndProject
Project("{9A19103F-16F7-4668-BE54-9A1E7A4F7556}") = "AriSystem.UI", "Presentations\AriSystem.UI\AriSystem.UI.csproj", "{F3D49142-5E4E-4829-BA8E-EFE1EF13C9E9}"
EndProject
Project("{9A19103F-16F7-4668-BE54-9A1E7A4F7556}") = "AriSystem", "Modules\AriSystem\AriSystem.csproj", "{CBE206D2-1361-4224-BF78-3B7307203DA3}"
EndProject
Project("{9A19103F-16F7-4668-BE54-9A1E7A4F7556}") = "Production", "Modules\Production\Production.csproj", "{CBF68D84-B514-4F75-8959-D28C014EB35E}"
EndProject
Project("{9A19103F-16F7-4668-BE54-9A1E7A4F7556}") = "Production.UI", "Presentations\Production.UI\Production.UI.csproj", "{9FD2AA61-FCEF-4CC7-AB2E-993CFC8C20A7}"
EndProject
Global
	GlobalSection(SolutionConfigurationPlatforms) = preSolution
		Debug|Any CPU = Debug|Any CPU
		Release|Any CPU = Release|Any CPU
	EndGlobalSection
	GlobalSection(ProjectConfigurationPlatforms) = postSolution
		{3B49AAD3-68EB-44EE-986A-6EE820FC4F9C}.Debug|Any CPU.ActiveCfg = Debug|Any CPU
		{3B49AAD3-68EB-44EE-986A-6EE820FC4F9C}.Debug|Any CPU.Build.0 = Debug|Any CPU
		{3B49AAD3-68EB-44EE-986A-6EE820FC4F9C}.Release|Any CPU.ActiveCfg = Release|Any CPU
		{3B49AAD3-68EB-44EE-986A-6EE820FC4F9C}.Release|Any CPU.Build.0 = Release|Any CPU
		{866FCE1B-D778-40F1-99B2-7421B3DAF29D}.Debug|Any CPU.ActiveCfg = Debug|Any CPU
		{866FCE1B-D778-40F1-99B2-7421B3DAF29D}.Debug|Any CPU.Build.0 = Debug|Any CPU
		{866FCE1B-D778-40F1-99B2-7421B3DAF29D}.Release|Any CPU.ActiveCfg = Release|Any CPU
		{866FCE1B-D778-40F1-99B2-7421B3DAF29D}.Release|Any CPU.Build.0 = Release|Any CPU
		{4BDCCA9C-2187-4FD1-BFCA-416762F1564E}.Debug|Any CPU.ActiveCfg = Debug|Any CPU
		{4BDCCA9C-2187-4FD1-BFCA-416762F1564E}.Debug|Any CPU.Build.0 = Debug|Any CPU
		{4BDCCA9C-2187-4FD1-BFCA-416762F1564E}.Release|Any CPU.ActiveCfg = Release|Any CPU
		{4BDCCA9C-2187-4FD1-BFCA-416762F1564E}.Release|Any CPU.Build.0 = Release|Any CPU
		{03BAFD40-B91B-4FE0-B5CC-18714CE4908F}.Debug|Any CPU.ActiveCfg = Debug|Any CPU
		{03BAFD40-B91B-4FE0-B5CC-18714CE4908F}.Debug|Any CPU.Build.0 = Debug|Any CPU
		{03BAFD40-B91B-4FE0-B5CC-18714CE4908F}.Release|Any CPU.ActiveCfg = Release|Any CPU
		{03BAFD40-B91B-4FE0-B5CC-18714CE4908F}.Release|Any CPU.Build.0 = Release|Any CPU
		{E6EE074F-ECA9-4605-B1F6-EACC7FAFBF3C}.Debug|Any CPU.ActiveCfg = Debug|Any CPU
		{E6EE074F-ECA9-4605-B1F6-EACC7FAFBF3C}.Debug|Any CPU.Build.0 = Debug|Any CPU
		{E6EE074F-ECA9-4605-B1F6-EACC7FAFBF3C}.Release|Any CPU.ActiveCfg = Release|Any CPU
		{E6EE074F-ECA9-4605-B1F6-EACC7FAFBF3C}.Release|Any CPU.Build.0 = Release|Any CPU
		{16191681-D0EB-4FFE-8E02-B4065D1ED81C}.Debug|Any CPU.ActiveCfg = Debug|Any CPU
		{16191681-D0EB-4FFE-8E02-B4065D1ED81C}.Debug|Any CPU.Build.0 = Debug|Any CPU
		{16191681-D0EB-4FFE-8E02-B4065D1ED81C}.Release|Any CPU.ActiveCfg = Release|Any CPU
		{16191681-D0EB-4FFE-8E02-B4065D1ED81C}.Release|Any CPU.Build.0 = Release|Any CPU
		{39945D43-2D14-44F1-9B86-9569D9408B75}.Debug|Any CPU.ActiveCfg = Debug|Any CPU
		{39945D43-2D14-44F1-9B86-9569D9408B75}.Debug|Any CPU.Build.0 = Debug|Any CPU
		{39945D43-2D14-44F1-9B86-9569D9408B75}.Release|Any CPU.ActiveCfg = Release|Any CPU
		{39945D43-2D14-44F1-9B86-9569D9408B75}.Release|Any CPU.Build.0 = Release|Any CPU
		{77656C10-C973-44F7-B1BB-DEF470B5C539}.Debug|Any CPU.ActiveCfg = Debug|Any CPU
		{77656C10-C973-44F7-B1BB-DEF470B5C539}.Debug|Any CPU.Build.0 = Debug|Any CPU
		{77656C10-C973-44F7-B1BB-DEF470B5C539}.Release|Any CPU.ActiveCfg = Release|Any CPU
		{77656C10-C973-44F7-B1BB-DEF470B5C539}.Release|Any CPU.Build.0 = Release|Any CPU
		{624173DF-2EBA-444A-BAD4-F4D0CA06EE6D}.Debug|Any CPU.ActiveCfg = Debug|Any CPU
		{624173DF-2EBA-444A-BAD4-F4D0CA06EE6D}.Debug|Any CPU.Build.0 = Debug|Any CPU
		{624173DF-2EBA-444A-BAD4-F4D0CA06EE6D}.Release|Any CPU.ActiveCfg = Release|Any CPU
		{624173DF-2EBA-444A-BAD4-F4D0CA06EE6D}.Release|Any CPU.Build.0 = Release|Any CPU
		{589DA224-D59D-4BB0-A1FC-B1B5815C605B}.Debug|Any CPU.ActiveCfg = Debug|Any CPU
		{589DA224-D59D-4BB0-A1FC-B1B5815C605B}.Debug|Any CPU.Build.0 = Debug|Any CPU
		{589DA224-D59D-4BB0-A1FC-B1B5815C605B}.Release|Any CPU.ActiveCfg = Release|Any CPU
		{589DA224-D59D-4BB0-A1FC-B1B5815C605B}.Release|Any CPU.Build.0 = Release|Any CPU
		{68942C5B-E8A6-4DA9-BE1E-EAB68DF9218E}.Debug|Any CPU.ActiveCfg = Debug|Any CPU
		{68942C5B-E8A6-4DA9-BE1E-EAB68DF9218E}.Debug|Any CPU.Build.0 = Debug|Any CPU
		{68942C5B-E8A6-4DA9-BE1E-EAB68DF9218E}.Release|Any CPU.ActiveCfg = Release|Any CPU
		{68942C5B-E8A6-4DA9-BE1E-EAB68DF9218E}.Release|Any CPU.Build.0 = Release|Any CPU
		{493F1997-069B-4D6B-9591-6C5BA04DBD41}.Debug|Any CPU.ActiveCfg = Debug|Any CPU
		{493F1997-069B-4D6B-9591-6C5BA04DBD41}.Debug|Any CPU.Build.0 = Debug|Any CPU
		{493F1997-069B-4D6B-9591-6C5BA04DBD41}.Release|Any CPU.ActiveCfg = Release|Any CPU
		{493F1997-069B-4D6B-9591-6C5BA04DBD41}.Release|Any CPU.Build.0 = Release|Any CPU
		{8BC5844B-15EE-45EE-92ED-154D48D2FDEE}.Debug|Any CPU.ActiveCfg = Debug|Any CPU
		{8BC5844B-15EE-45EE-92ED-154D48D2FDEE}.Debug|Any CPU.Build.0 = Debug|Any CPU
		{8BC5844B-15EE-45EE-92ED-154D48D2FDEE}.Release|Any CPU.ActiveCfg = Release|Any CPU
		{8BC5844B-15EE-45EE-92ED-154D48D2FDEE}.Release|Any CPU.Build.0 = Release|Any CPU
		{76D0A358-4CFE-4E7D-9E46-6B0AFCCAD71D}.Debug|Any CPU.ActiveCfg = Debug|Any CPU
		{76D0A358-4CFE-4E7D-9E46-6B0AFCCAD71D}.Debug|Any CPU.Build.0 = Debug|Any CPU
		{76D0A358-4CFE-4E7D-9E46-6B0AFCCAD71D}.Release|Any CPU.ActiveCfg = Release|Any CPU
		{76D0A358-4CFE-4E7D-9E46-6B0AFCCAD71D}.Release|Any CPU.Build.0 = Release|Any CPU
		{1856FFF2-F232-4770-9E7C-7D2784D35EBF}.Debug|Any CPU.ActiveCfg = Debug|Any CPU
		{1856FFF2-F232-4770-9E7C-7D2784D35EBF}.Debug|Any CPU.Build.0 = Debug|Any CPU
		{1856FFF2-F232-4770-9E7C-7D2784D35EBF}.Release|Any CPU.ActiveCfg = Release|Any CPU
		{1856FFF2-F232-4770-9E7C-7D2784D35EBF}.Release|Any CPU.Build.0 = Release|Any CPU
		{F3D49142-5E4E-4829-BA8E-EFE1EF13C9E9}.Debug|Any CPU.ActiveCfg = Debug|Any CPU
		{F3D49142-5E4E-4829-BA8E-EFE1EF13C9E9}.Debug|Any CPU.Build.0 = Debug|Any CPU
		{F3D49142-5E4E-4829-BA8E-EFE1EF13C9E9}.Release|Any CPU.ActiveCfg = Release|Any CPU
		{F3D49142-5E4E-4829-BA8E-EFE1EF13C9E9}.Release|Any CPU.Build.0 = Release|Any CPU
		{CBE206D2-1361-4224-BF78-3B7307203DA3}.Debug|Any CPU.ActiveCfg = Debug|Any CPU
		{CBE206D2-1361-4224-BF78-3B7307203DA3}.Debug|Any CPU.Build.0 = Debug|Any CPU
		{CBE206D2-1361-4224-BF78-3B7307203DA3}.Release|Any CPU.ActiveCfg = Release|Any CPU
		{CBE206D2-1361-4224-BF78-3B7307203DA3}.Release|Any CPU.Build.0 = Release|Any CPU
		{CBF68D84-B514-4F75-8959-D28C014EB35E}.Debug|Any CPU.ActiveCfg = Debug|Any CPU
		{CBF68D84-B514-4F75-8959-D28C014EB35E}.Debug|Any CPU.Build.0 = Debug|Any CPU
		{CBF68D84-B514-4F75-8959-D28C014EB35E}.Release|Any CPU.ActiveCfg = Release|Any CPU
		{CBF68D84-B514-4F75-8959-D28C014EB35E}.Release|Any CPU.Build.0 = Release|Any CPU
		{9FD2AA61-FCEF-4CC7-AB2E-993CFC8C20A7}.Debug|Any CPU.ActiveCfg = Debug|Any CPU
		{9FD2AA61-FCEF-4CC7-AB2E-993CFC8C20A7}.Debug|Any CPU.Build.0 = Debug|Any CPU
		{9FD2AA61-FCEF-4CC7-AB2E-993CFC8C20A7}.Release|Any CPU.ActiveCfg = Release|Any CPU
		{9FD2AA61-FCEF-4CC7-AB2E-993CFC8C20A7}.Release|Any CPU.Build.0 = Release|Any CPU
	EndGlobalSection
	GlobalSection(SolutionProperties) = preSolution
		HideSolutionNode = FALSE
	EndGlobalSection
	GlobalSection(NestedProjects) = preSolution
		{3B49AAD3-68EB-44EE-986A-6EE820FC4F9C} = {D07807D9-2924-4D5B-9820-1E55539F1B74}
		{866FCE1B-D778-40F1-99B2-7421B3DAF29D} = {16FB8443-2B75-405F-8A18-E507205AA0AF}
		{4BDCCA9C-2187-4FD1-BFCA-416762F1564E} = {16FB8443-2B75-405F-8A18-E507205AA0AF}
		{03BAFD40-B91B-4FE0-B5CC-18714CE4908F} = {16FB8443-2B75-405F-8A18-E507205AA0AF}
		{E6EE074F-ECA9-4605-B1F6-EACC7FAFBF3C} = {EDF870C2-FEE5-4EFC-B765-1AE4402DBEF3}
		{16191681-D0EB-4FFE-8E02-B4065D1ED81C} = {1ABFF934-23E6-48F9-AD76-79C5CED3EB10}
		{39945D43-2D14-44F1-9B86-9569D9408B75} = {D07807D9-2924-4D5B-9820-1E55539F1B74}
		{77656C10-C973-44F7-B1BB-DEF470B5C539} = {1ABFF934-23E6-48F9-AD76-79C5CED3EB10}
		{624173DF-2EBA-444A-BAD4-F4D0CA06EE6D} = {1ABFF934-23E6-48F9-AD76-79C5CED3EB10}
		{589DA224-D59D-4BB0-A1FC-B1B5815C605B} = {D07807D9-2924-4D5B-9820-1E55539F1B74}
		{68942C5B-E8A6-4DA9-BE1E-EAB68DF9218E} = {EDF870C2-FEE5-4EFC-B765-1AE4402DBEF3}
		{493F1997-069B-4D6B-9591-6C5BA04DBD41} = {D07807D9-2924-4D5B-9820-1E55539F1B74}
		{8BC5844B-15EE-45EE-92ED-154D48D2FDEE} = {1ABFF934-23E6-48F9-AD76-79C5CED3EB10}
		{76D0A358-4CFE-4E7D-9E46-6B0AFCCAD71D} = {1ABFF934-23E6-48F9-AD76-79C5CED3EB10}
		{1856FFF2-F232-4770-9E7C-7D2784D35EBF} = {D07807D9-2924-4D5B-9820-1E55539F1B74}
		{F3D49142-5E4E-4829-BA8E-EFE1EF13C9E9} = {D07807D9-2924-4D5B-9820-1E55539F1B74}
		{CBE206D2-1361-4224-BF78-3B7307203DA3} = {1ABFF934-23E6-48F9-AD76-79C5CED3EB10}
		{CBF68D84-B514-4F75-8959-D28C014EB35E} = {1ABFF934-23E6-48F9-AD76-79C5CED3EB10}
		{9FD2AA61-FCEF-4CC7-AB2E-993CFC8C20A7} = {D07807D9-2924-4D5B-9820-1E55539F1B74}
	EndGlobalSection
	GlobalSection(ExtensibilityGlobals) = postSolution
		SolutionGuid = {B7D5EADB-8C32-4D8B-B1DE-CED204C24F4A}
	EndGlobalSection
EndGlobal
